{
  "nodes": {
    "flakeNimbleLib": {
      "inputs": {
        "nixpkgs": [
          "nixpkgs"
        ]
      },
      "locked": {
        "lastModified": 1662018438,
        "narHash": "sha256-QtNtU6+LX3Wokxf0zlFwKTFOcn6TeDjKQZ+DA9OYtvM=",
        "owner": "riinr",
        "repo": "nim-flakes-lib",
        "rev": "b1fe8340736e3a85d25c709ac3dfd82a55c03cbf",
        "type": "github"
      },
      "original": {
        "owner": "riinr",
        "ref": "master",
        "repo": "nim-flakes-lib",
        "type": "github"
      }
    },
    "nimtest": {
      "inputs": {
        "flakeNimbleLib": [
          "flakeNimbleLib"
        ],
        "nixpkgs": [
          "nixpkgs"
        ],
        "src-nimtest-v0_1_2": "src-nimtest-v0_1_2"
      },
      "locked": {
        "dir": "v0_1_2",
        "lastModified": 1665581555,
        "narHash": "sha256-F8IIBUc9hJD6gvUbqgEevRMRqmRFaQ0hxdWGtipHuAM=",
        "owner": "nim-nix-pkgs",
        "repo": "nimtest",
        "rev": "c003df669597eb3f5496673baab169f84ce7a530",
        "type": "github"
      },
      "original": {
        "dir": "v0_1_2",
        "owner": "nim-nix-pkgs",
        "ref": "master",
        "repo": "nimtest",
        "type": "github"
      }
    },
    "nixpkgs": {
      "locked": {
        "lastModified": 1667085676,
        "narHash": "sha256-jPHYYoSdrV3ypWG4oi9SUeI2MU6dLjxM88+9io5Rrx0=",
        "owner": "NixOS",
        "repo": "nixpkgs",
        "rev": "e6e6bad81b7e11f37d893ef39712ce8918ae2338",
        "type": "github"
      },
      "original": {
        "id": "nixpkgs",
        "type": "indirect"
      }
    },
    "root": {
      "inputs": {
        "flakeNimbleLib": "flakeNimbleLib",
        "nimtest": "nimtest",
        "nixpkgs": "nixpkgs",
        "src-array2d-master": "src-array2d-master"
      }
    },
    "src-array2d-master": {
      "flake": false,
      "locked": {
        "lastModified": 1658543521,
        "narHash": "sha256-CNj4pG37K1hRaeky9UgqeJIvbs/BHeqsEFx5VWhxuNQ=",
        "owner": "avahe-kellenberger",
        "repo": "array2d",
        "rev": "8ef8209e01855a51729d30880c1c2f4eebf1ce4c",
        "type": "github"
      },
      "original": {
        "owner": "avahe-kellenberger",
        "ref": "refs/heads/master",
        "repo": "array2d",
        "type": "github"
      }
    },
    "src-nimtest-v0_1_2": {
      "flake": false,
      "locked": {
        "lastModified": 1662912181,
        "narHash": "sha256-a2ABsxE5iPGks7f8TPF/jTvoMC2X8dwSXfSX8tome5U=",
        "owner": "avahe-kellenberger",
        "repo": "nimtest",
        "rev": "17bd3a0f794106428b8592c69832bf48c97b23e2",
        "type": "github"
      },
      "original": {
        "owner": "avahe-kellenberger",
        "ref": "refs/tags/v0.1.2",
        "repo": "nimtest",
        "type": "github"
      }
    }
  },
  "root": "root",
  "version": 7
}
